{
  "name": "proyectofinal-gonzalez",
  "version": "1.0.0",
  "lockfileVersion": 2,
  "requires": true,
  "packages": {
    "": {
      "name": "proyectofinal-gonzalez",
      "version": "1.0.0",
      "license": "ISC",
      "dependencies": {
        "luxon": "^3.1.0",
        "sweetalert2": "^11.6.13",
        "toastify-js": "^1.12.0"
      }
    },
    "node_modules/luxon": {
      "version": "3.1.0",
      "resolved": "https://registry.npmjs.org/luxon/-/luxon-3.1.0.tgz",
      "integrity": "sha512-7w6hmKC0/aoWnEsmPCu5Br54BmbmUp5GfcqBxQngRcXJ+q5fdfjEzn7dxmJh2YdDhgW8PccYtlWKSv4tQkrTQg==",
      "engines": {
        "node": ">=12"
      }
    },
    "node_modules/sweetalert2": {
      "version": "11.6.13",
      "resolved": "https://registry.npmjs.org/sweetalert2/-/sweetalert2-11.6.13.tgz",
      "integrity": "sha512-n5yVF0FNx1lm4XzpPyb1HIaiptzODfVyeCzmB809tpK+1bPdoKoevKOxYjrtId75DV7xuIp4r6cjn8xUAB8dPQ==",
      "funding": {
        "type": "individual",
        "url": "https://github.com/sponsors/limonte"
      }
    },
    "node_modules/toastify-js": {
      "version": "1.12.0",
      "resolved": "https://registry.npmjs.org/toastify-js/-/toastify-js-1.12.0.tgz",
      "integrity": "sha512-HeMHCO9yLPvP9k0apGSdPUWrUbLnxUKNFzgUoZp1PHCLploIX/4DSQ7V8H25ef+h4iO9n0he7ImfcndnN6nDrQ=="
    }
  },
  "dependencies": {
    "luxon": {
      "version": "3.1.0",
      "resolved": "https://registry.npmjs.org/luxon/-/luxon-3.1.0.tgz",
      "integrity": "sha512-7w6hmKC0/aoWnEsmPCu5Br54BmbmUp5GfcqBxQngRcXJ+q5fdfjEzn7dxmJh2YdDhgW8PccYtlWKSv4tQkrTQg=="
    },
    "sweetalert2": {
      "version": "11.6.13",
      "resolved": "https://registry.npmjs.org/sweetalert2/-/sweetalert2-11.6.13.tgz",
      "integrity": "sha512-n5yVF0FNx1lm4XzpPyb1HIaiptzODfVyeCzmB809tpK+1bPdoKoevKOxYjrtId75DV7xuIp4r6cjn8xUAB8dPQ=="
    },
    "toastify-js": {
      "version": "1.12.0",
      "resolved": "https://registry.npmjs.org/toastify-js/-/toastify-js-1.12.0.tgz",
      "integrity": "sha512-HeMHCO9yLPvP9k0apGSdPUWrUbLnxUKNFzgUoZp1PHCLploIX/4DSQ7V8H25ef+h4iO9n0he7ImfcndnN6nDrQ=="
    }
  }
}
